
Microsoft Visual Studio Solution File, Format Version 12.00
# Visual Studio Version 17
VisualStudioVersion = 17.4.33213.308
MinimumVisualStudioVersion = 10.0.40219.1
Project("{2150E333-8FDC-42A3-9474-1A3956D46DE8}") = "Services", "Services", "{9E1E399E-78BD-47A4-8003-0BB939306F44}"
EndProject
Project("{2150E333-8FDC-42A3-9474-1A3956D46DE8}") = "Catalog", "Catalog", "{35C823BC-5DEC-4CF2-AC07-B3B47DE23230}"
EndProject
Project("{9A19103F-16F7-4668-BE54-9A1E7A4F7556}") = "FreeCourse.Service.Catalog", "Services\Catalog\FreeCourse.Service.Catalog\FreeCourse.Service.Catalog.csproj", "{85D20413-4BC7-44ED-A044-9FE5EAFD285E}"
EndProject
Project("{2150E333-8FDC-42A3-9474-1A3956D46DE8}") = "Solution Items", "Solution Items", "{C5191E77-F5DC-4B02-988B-2C33D525910A}"
	ProjectSection(SolutionItems) = preProject
		Port.txt = Port.txt
	EndProjectSection
EndProject
Project("{2150E333-8FDC-42A3-9474-1A3956D46DE8}") = "Shared", "Shared", "{D292C7A6-A47A-4EE8-A2F4-8633E68078EB}"
EndProject
Project("{9A19103F-16F7-4668-BE54-9A1E7A4F7556}") = "FreeCourse.Shared", "Shared\FreeCourse.Shared\FreeCourse.Shared.csproj", "{1AF83929-7D4C-4D2A-B1BA-AFE061F88A01}"
EndProject
Project("{2150E333-8FDC-42A3-9474-1A3956D46DE8}") = "IdentityServer", "IdentityServer", "{9EA44C5F-2FF8-4C62-B0E8-6F82CC2E684F}"
EndProject
Project("{9A19103F-16F7-4668-BE54-9A1E7A4F7556}") = "FreeCourse.IdentityServer", "IdentityServer\FreeCourse.IdentityServer\FreeCourse.IdentityServer.csproj", "{30B8A3CE-1F8E-4432-9370-C356AE8A9203}"
EndProject
Project("{2150E333-8FDC-42A3-9474-1A3956D46DE8}") = "Dtos", "Dtos", "{A85C3B33-1B19-48B6-AAAF-366DC510460E}"
EndProject
Project("{2150E333-8FDC-42A3-9474-1A3956D46DE8}") = "PhotoStock", "PhotoStock", "{51474BE4-4C44-47E2-AE08-EEA3406435FF}"
EndProject
Project("{FAE04EC0-301F-11D3-BF4B-00C04F79EFBC}") = "FreeCourse.Services.PhotoStock", "Services\PhotoStock\FreeCourse.Services.PhotoStock\FreeCourse.Services.PhotoStock.csproj", "{C225E156-1631-498B-AEEF-DC8063ECA5D3}"
EndProject
Project("{2150E333-8FDC-42A3-9474-1A3956D46DE8}") = "Basket", "Basket", "{D17BEB30-B1BB-4D33-9FB8-2B537B30350A}"
EndProject
Project("{FAE04EC0-301F-11D3-BF4B-00C04F79EFBC}") = "FreeCourse.Services.Basket", "Services\Basker\FreeCourse.Services.Basket\FreeCourse.Services.Basket.csproj", "{22BF752C-11A3-45E2-9123-0AD6CEFF8A95}"
EndProject
Global
	GlobalSection(SolutionConfigurationPlatforms) = preSolution
		Debug|Any CPU = Debug|Any CPU
		Release|Any CPU = Release|Any CPU
	EndGlobalSection
	GlobalSection(ProjectConfigurationPlatforms) = postSolution
		{85D20413-4BC7-44ED-A044-9FE5EAFD285E}.Debug|Any CPU.ActiveCfg = Debug|Any CPU
		{85D20413-4BC7-44ED-A044-9FE5EAFD285E}.Debug|Any CPU.Build.0 = Debug|Any CPU
		{85D20413-4BC7-44ED-A044-9FE5EAFD285E}.Release|Any CPU.ActiveCfg = Release|Any CPU
		{85D20413-4BC7-44ED-A044-9FE5EAFD285E}.Release|Any CPU.Build.0 = Release|Any CPU
		{1AF83929-7D4C-4D2A-B1BA-AFE061F88A01}.Debug|Any CPU.ActiveCfg = Debug|Any CPU
		{1AF83929-7D4C-4D2A-B1BA-AFE061F88A01}.Debug|Any CPU.Build.0 = Debug|Any CPU
		{1AF83929-7D4C-4D2A-B1BA-AFE061F88A01}.Release|Any CPU.ActiveCfg = Release|Any CPU
		{1AF83929-7D4C-4D2A-B1BA-AFE061F88A01}.Release|Any CPU.Build.0 = Release|Any CPU
		{30B8A3CE-1F8E-4432-9370-C356AE8A9203}.Debug|Any CPU.ActiveCfg = Debug|Any CPU
		{30B8A3CE-1F8E-4432-9370-C356AE8A9203}.Debug|Any CPU.Build.0 = Debug|Any CPU
		{30B8A3CE-1F8E-4432-9370-C356AE8A9203}.Release|Any CPU.ActiveCfg = Release|Any CPU
		{30B8A3CE-1F8E-4432-9370-C356AE8A9203}.Release|Any CPU.Build.0 = Release|Any CPU
		{C225E156-1631-498B-AEEF-DC8063ECA5D3}.Debug|Any CPU.ActiveCfg = Debug|Any CPU
		{C225E156-1631-498B-AEEF-DC8063ECA5D3}.Debug|Any CPU.Build.0 = Debug|Any CPU
		{C225E156-1631-498B-AEEF-DC8063ECA5D3}.Release|Any CPU.ActiveCfg = Release|Any CPU
		{C225E156-1631-498B-AEEF-DC8063ECA5D3}.Release|Any CPU.Build.0 = Release|Any CPU
		{22BF752C-11A3-45E2-9123-0AD6CEFF8A95}.Debug|Any CPU.ActiveCfg = Debug|Any CPU
		{22BF752C-11A3-45E2-9123-0AD6CEFF8A95}.Debug|Any CPU.Build.0 = Debug|Any CPU
		{22BF752C-11A3-45E2-9123-0AD6CEFF8A95}.Release|Any CPU.ActiveCfg = Release|Any CPU
		{22BF752C-11A3-45E2-9123-0AD6CEFF8A95}.Release|Any CPU.Build.0 = Release|Any CPU
	EndGlobalSection
	GlobalSection(SolutionProperties) = preSolution
		HideSolutionNode = FALSE
	EndGlobalSection
	GlobalSection(NestedProjects) = preSolution
		{35C823BC-5DEC-4CF2-AC07-B3B47DE23230} = {9E1E399E-78BD-47A4-8003-0BB939306F44}
		{85D20413-4BC7-44ED-A044-9FE5EAFD285E} = {35C823BC-5DEC-4CF2-AC07-B3B47DE23230}
		{1AF83929-7D4C-4D2A-B1BA-AFE061F88A01} = {D292C7A6-A47A-4EE8-A2F4-8633E68078EB}
		{30B8A3CE-1F8E-4432-9370-C356AE8A9203} = {9EA44C5F-2FF8-4C62-B0E8-6F82CC2E684F}
		{51474BE4-4C44-47E2-AE08-EEA3406435FF} = {9E1E399E-78BD-47A4-8003-0BB939306F44}
		{C225E156-1631-498B-AEEF-DC8063ECA5D3} = {51474BE4-4C44-47E2-AE08-EEA3406435FF}
		{D17BEB30-B1BB-4D33-9FB8-2B537B30350A} = {9E1E399E-78BD-47A4-8003-0BB939306F44}
		{22BF752C-11A3-45E2-9123-0AD6CEFF8A95} = {D17BEB30-B1BB-4D33-9FB8-2B537B30350A}
	EndGlobalSection
	GlobalSection(ExtensibilityGlobals) = postSolution
		SolutionGuid = {63D0761C-1EB2-4B60-9519-86AE17F15F54}
	EndGlobalSection
EndGlobal
