
Microsoft Visual Studio Solution File, Format Version 12.00
# Visual Studio Version 17
VisualStudioVersion = 17.4.33213.308
MinimumVisualStudioVersion = 10.0.40219.1
Project("{2150E333-8FDC-42A3-9474-1A3956D46DE8}") = "Services", "Services", "{9E1E399E-78BD-47A4-8003-0BB939306F44}"
EndProject
Project("{2150E333-8FDC-42A3-9474-1A3956D46DE8}") = "Catalog", "Catalog", "{35C823BC-5DEC-4CF2-AC07-B3B47DE23230}"
EndProject
Project("{9A19103F-16F7-4668-BE54-9A1E7A4F7556}") = "FreeCourse.Service.Catalog", "Services\Catalog\FreeCourse.Service.Catalog\FreeCourse.Service.Catalog.csproj", "{85D20413-4BC7-44ED-A044-9FE5EAFD285E}"
EndProject
Project("{2150E333-8FDC-42A3-9474-1A3956D46DE8}") = "Solution Items", "Solution Items", "{C5191E77-F5DC-4B02-988B-2C33D525910A}"
	ProjectSection(SolutionItems) = preProject
		Port.txt = Port.txt
	EndProjectSection
EndProject
Project("{2150E333-8FDC-42A3-9474-1A3956D46DE8}") = "Shared", "Shared", "{D292C7A6-A47A-4EE8-A2F4-8633E68078EB}"
EndProject
Project("{9A19103F-16F7-4668-BE54-9A1E7A4F7556}") = "FreeCourse.Shared", "Shared\FreeCourse.Shared\FreeCourse.Shared.csproj", "{1AF83929-7D4C-4D2A-B1BA-AFE061F88A01}"
EndProject
Project("{2150E333-8FDC-42A3-9474-1A3956D46DE8}") = "IdentityServer", "IdentityServer", "{9EA44C5F-2FF8-4C62-B0E8-6F82CC2E684F}"
EndProject
Project("{9A19103F-16F7-4668-BE54-9A1E7A4F7556}") = "FreeCourse.IdentityServer", "IdentityServer\FreeCourse.IdentityServer\FreeCourse.IdentityServer.csproj", "{30B8A3CE-1F8E-4432-9370-C356AE8A9203}"
EndProject
Project("{2150E333-8FDC-42A3-9474-1A3956D46DE8}") = "Dtos", "Dtos", "{A85C3B33-1B19-48B6-AAAF-366DC510460E}"
EndProject
Project("{2150E333-8FDC-42A3-9474-1A3956D46DE8}") = "PhotoStock", "PhotoStock", "{51474BE4-4C44-47E2-AE08-EEA3406435FF}"
EndProject
Project("{9A19103F-16F7-4668-BE54-9A1E7A4F7556}") = "FreeCourse.Services.PhotoStock", "Services\PhotoStock\FreeCourse.Services.PhotoStock\FreeCourse.Services.PhotoStock.csproj", "{C225E156-1631-498B-AEEF-DC8063ECA5D3}"
EndProject
Project("{2150E333-8FDC-42A3-9474-1A3956D46DE8}") = "Basket", "Basket", "{D17BEB30-B1BB-4D33-9FB8-2B537B30350A}"
EndProject
Project("{2150E333-8FDC-42A3-9474-1A3956D46DE8}") = "Discount", "Discount", "{BE51DAE6-7545-4FC7-9E0E-0B4B08B76910}"
EndProject
Project("{9A19103F-16F7-4668-BE54-9A1E7A4F7556}") = "FreeCourse.Services.Discount", "Services\Discount\FreeCourse.Services.Discount\FreeCourse.Services.Discount.csproj", "{01CE7A9D-87DC-4A1B-98F1-B8B2D60EB16E}"
EndProject
Project("{9A19103F-16F7-4668-BE54-9A1E7A4F7556}") = "FreeCourse.Services.Basket", "Services\Basket\FreeCourse.Services.Basket\FreeCourse.Services.Basket.csproj", "{D2771CBE-1DAC-4329-AD46-7D2099942AFD}"
EndProject
Project("{2150E333-8FDC-42A3-9474-1A3956D46DE8}") = "Order", "Order", "{EE079708-B2A5-48B9-9EFC-A8BCC8E23A03}"
EndProject
Project("{9A19103F-16F7-4668-BE54-9A1E7A4F7556}") = "FreeCourse.Services.Order.API", "Services\Order\FreeCourse.Services.Order.API\FreeCourse.Services.Order.API.csproj", "{AC05E435-10E1-4522-8386-B46875E55DAA}"
EndProject
Project("{9A19103F-16F7-4668-BE54-9A1E7A4F7556}") = "FreeCourse.Services.Order.Application", "Services\Order\FreeCourse.Services.Order.Application\FreeCourse.Services.Order.Application.csproj", "{2DDE3DC1-FAF5-4C30-A6A2-E044BE7B2973}"
EndProject
Project("{9A19103F-16F7-4668-BE54-9A1E7A4F7556}") = "FreeCourse.Services.Order.Domain", "Services\Order\FreeCourse.Services.Order.Domain\FreeCourse.Services.Order.Domain.csproj", "{C020CEA8-6783-409E-A9A3-417267C6A2B7}"
EndProject
Project("{9A19103F-16F7-4668-BE54-9A1E7A4F7556}") = "FreeCourse.Services.Order.Domain.Core", "Services\Order\FreeCourse.Services.Order.Domain.Core\FreeCourse.Services.Order.Domain.Core.csproj", "{FFACA1D4-7EED-4E9C-A081-C7FE5D9D3477}"
EndProject
Project("{9A19103F-16F7-4668-BE54-9A1E7A4F7556}") = "FreeCourse.Services.Order.Infrastructure", "Services\Order\FreeCourse.Services.Order.Infrastructure\FreeCourse.Services.Order.Infrastructure.csproj", "{4A293E4F-7E2D-4F93-A431-A2C798FBDD73}"
EndProject
Project("{2150E333-8FDC-42A3-9474-1A3956D46DE8}") = "FakePayment", "FakePayment", "{54C2601C-03C1-49D4-97A2-D328447993BE}"
EndProject
Project("{9A19103F-16F7-4668-BE54-9A1E7A4F7556}") = "FreeCourse.Services.FakePayment", "Services\FakePayment\FreeCourse.Services.FakePayment\FreeCourse.Services.FakePayment.csproj", "{6D10A361-4163-4E07-98CD-82AFADD8B317}"
EndProject
Project("{2150E333-8FDC-42A3-9474-1A3956D46DE8}") = "Gateways", "Gateways", "{BAA5F247-8EDB-4689-B146-16869E252345}"
EndProject
Project("{FAE04EC0-301F-11D3-BF4B-00C04F79EFBC}") = "FreeCourse.Gateway", "Gateways\FreeCourse.Gateway\FreeCourse.Gateway.csproj", "{5B85DCDB-1FDD-4D25-81AA-804805BBD461}"
EndProject
Global
	GlobalSection(SolutionConfigurationPlatforms) = preSolution
		Debug|Any CPU = Debug|Any CPU
		Release|Any CPU = Release|Any CPU
	EndGlobalSection
	GlobalSection(ProjectConfigurationPlatforms) = postSolution
		{85D20413-4BC7-44ED-A044-9FE5EAFD285E}.Debug|Any CPU.ActiveCfg = Debug|Any CPU
		{85D20413-4BC7-44ED-A044-9FE5EAFD285E}.Debug|Any CPU.Build.0 = Debug|Any CPU
		{85D20413-4BC7-44ED-A044-9FE5EAFD285E}.Release|Any CPU.ActiveCfg = Release|Any CPU
		{85D20413-4BC7-44ED-A044-9FE5EAFD285E}.Release|Any CPU.Build.0 = Release|Any CPU
		{1AF83929-7D4C-4D2A-B1BA-AFE061F88A01}.Debug|Any CPU.ActiveCfg = Debug|Any CPU
		{1AF83929-7D4C-4D2A-B1BA-AFE061F88A01}.Debug|Any CPU.Build.0 = Debug|Any CPU
		{1AF83929-7D4C-4D2A-B1BA-AFE061F88A01}.Release|Any CPU.ActiveCfg = Release|Any CPU
		{1AF83929-7D4C-4D2A-B1BA-AFE061F88A01}.Release|Any CPU.Build.0 = Release|Any CPU
		{30B8A3CE-1F8E-4432-9370-C356AE8A9203}.Debug|Any CPU.ActiveCfg = Debug|Any CPU
		{30B8A3CE-1F8E-4432-9370-C356AE8A9203}.Debug|Any CPU.Build.0 = Debug|Any CPU
		{30B8A3CE-1F8E-4432-9370-C356AE8A9203}.Release|Any CPU.ActiveCfg = Release|Any CPU
		{30B8A3CE-1F8E-4432-9370-C356AE8A9203}.Release|Any CPU.Build.0 = Release|Any CPU
		{C225E156-1631-498B-AEEF-DC8063ECA5D3}.Debug|Any CPU.ActiveCfg = Debug|Any CPU
		{C225E156-1631-498B-AEEF-DC8063ECA5D3}.Debug|Any CPU.Build.0 = Debug|Any CPU
		{C225E156-1631-498B-AEEF-DC8063ECA5D3}.Release|Any CPU.ActiveCfg = Release|Any CPU
		{C225E156-1631-498B-AEEF-DC8063ECA5D3}.Release|Any CPU.Build.0 = Release|Any CPU
		{01CE7A9D-87DC-4A1B-98F1-B8B2D60EB16E}.Debug|Any CPU.ActiveCfg = Debug|Any CPU
		{01CE7A9D-87DC-4A1B-98F1-B8B2D60EB16E}.Debug|Any CPU.Build.0 = Debug|Any CPU
		{01CE7A9D-87DC-4A1B-98F1-B8B2D60EB16E}.Release|Any CPU.ActiveCfg = Release|Any CPU
		{01CE7A9D-87DC-4A1B-98F1-B8B2D60EB16E}.Release|Any CPU.Build.0 = Release|Any CPU
		{D2771CBE-1DAC-4329-AD46-7D2099942AFD}.Debug|Any CPU.ActiveCfg = Debug|Any CPU
		{D2771CBE-1DAC-4329-AD46-7D2099942AFD}.Debug|Any CPU.Build.0 = Debug|Any CPU
		{D2771CBE-1DAC-4329-AD46-7D2099942AFD}.Release|Any CPU.ActiveCfg = Release|Any CPU
		{D2771CBE-1DAC-4329-AD46-7D2099942AFD}.Release|Any CPU.Build.0 = Release|Any CPU
		{AC05E435-10E1-4522-8386-B46875E55DAA}.Debug|Any CPU.ActiveCfg = Debug|Any CPU
		{AC05E435-10E1-4522-8386-B46875E55DAA}.Debug|Any CPU.Build.0 = Debug|Any CPU
		{AC05E435-10E1-4522-8386-B46875E55DAA}.Release|Any CPU.ActiveCfg = Release|Any CPU
		{AC05E435-10E1-4522-8386-B46875E55DAA}.Release|Any CPU.Build.0 = Release|Any CPU
		{2DDE3DC1-FAF5-4C30-A6A2-E044BE7B2973}.Debug|Any CPU.ActiveCfg = Debug|Any CPU
		{2DDE3DC1-FAF5-4C30-A6A2-E044BE7B2973}.Debug|Any CPU.Build.0 = Debug|Any CPU
		{2DDE3DC1-FAF5-4C30-A6A2-E044BE7B2973}.Release|Any CPU.ActiveCfg = Release|Any CPU
		{2DDE3DC1-FAF5-4C30-A6A2-E044BE7B2973}.Release|Any CPU.Build.0 = Release|Any CPU
		{C020CEA8-6783-409E-A9A3-417267C6A2B7}.Debug|Any CPU.ActiveCfg = Debug|Any CPU
		{C020CEA8-6783-409E-A9A3-417267C6A2B7}.Debug|Any CPU.Build.0 = Debug|Any CPU
		{C020CEA8-6783-409E-A9A3-417267C6A2B7}.Release|Any CPU.ActiveCfg = Release|Any CPU
		{C020CEA8-6783-409E-A9A3-417267C6A2B7}.Release|Any CPU.Build.0 = Release|Any CPU
		{FFACA1D4-7EED-4E9C-A081-C7FE5D9D3477}.Debug|Any CPU.ActiveCfg = Debug|Any CPU
		{FFACA1D4-7EED-4E9C-A081-C7FE5D9D3477}.Debug|Any CPU.Build.0 = Debug|Any CPU
		{FFACA1D4-7EED-4E9C-A081-C7FE5D9D3477}.Release|Any CPU.ActiveCfg = Release|Any CPU
		{FFACA1D4-7EED-4E9C-A081-C7FE5D9D3477}.Release|Any CPU.Build.0 = Release|Any CPU
		{4A293E4F-7E2D-4F93-A431-A2C798FBDD73}.Debug|Any CPU.ActiveCfg = Debug|Any CPU
		{4A293E4F-7E2D-4F93-A431-A2C798FBDD73}.Debug|Any CPU.Build.0 = Debug|Any CPU
		{4A293E4F-7E2D-4F93-A431-A2C798FBDD73}.Release|Any CPU.ActiveCfg = Release|Any CPU
		{4A293E4F-7E2D-4F93-A431-A2C798FBDD73}.Release|Any CPU.Build.0 = Release|Any CPU
		{6D10A361-4163-4E07-98CD-82AFADD8B317}.Debug|Any CPU.ActiveCfg = Debug|Any CPU
		{6D10A361-4163-4E07-98CD-82AFADD8B317}.Debug|Any CPU.Build.0 = Debug|Any CPU
		{6D10A361-4163-4E07-98CD-82AFADD8B317}.Release|Any CPU.ActiveCfg = Release|Any CPU
		{6D10A361-4163-4E07-98CD-82AFADD8B317}.Release|Any CPU.Build.0 = Release|Any CPU
		{5B85DCDB-1FDD-4D25-81AA-804805BBD461}.Debug|Any CPU.ActiveCfg = Debug|Any CPU
		{5B85DCDB-1FDD-4D25-81AA-804805BBD461}.Debug|Any CPU.Build.0 = Debug|Any CPU
		{5B85DCDB-1FDD-4D25-81AA-804805BBD461}.Release|Any CPU.ActiveCfg = Release|Any CPU
		{5B85DCDB-1FDD-4D25-81AA-804805BBD461}.Release|Any CPU.Build.0 = Release|Any CPU
	EndGlobalSection
	GlobalSection(SolutionProperties) = preSolution
		HideSolutionNode = FALSE
	EndGlobalSection
	GlobalSection(NestedProjects) = preSolution
		{35C823BC-5DEC-4CF2-AC07-B3B47DE23230} = {9E1E399E-78BD-47A4-8003-0BB939306F44}
		{85D20413-4BC7-44ED-A044-9FE5EAFD285E} = {35C823BC-5DEC-4CF2-AC07-B3B47DE23230}
		{1AF83929-7D4C-4D2A-B1BA-AFE061F88A01} = {D292C7A6-A47A-4EE8-A2F4-8633E68078EB}
		{30B8A3CE-1F8E-4432-9370-C356AE8A9203} = {9EA44C5F-2FF8-4C62-B0E8-6F82CC2E684F}
		{51474BE4-4C44-47E2-AE08-EEA3406435FF} = {9E1E399E-78BD-47A4-8003-0BB939306F44}
		{C225E156-1631-498B-AEEF-DC8063ECA5D3} = {51474BE4-4C44-47E2-AE08-EEA3406435FF}
		{D17BEB30-B1BB-4D33-9FB8-2B537B30350A} = {9E1E399E-78BD-47A4-8003-0BB939306F44}
		{BE51DAE6-7545-4FC7-9E0E-0B4B08B76910} = {9E1E399E-78BD-47A4-8003-0BB939306F44}
		{01CE7A9D-87DC-4A1B-98F1-B8B2D60EB16E} = {BE51DAE6-7545-4FC7-9E0E-0B4B08B76910}
		{D2771CBE-1DAC-4329-AD46-7D2099942AFD} = {D17BEB30-B1BB-4D33-9FB8-2B537B30350A}
		{EE079708-B2A5-48B9-9EFC-A8BCC8E23A03} = {9E1E399E-78BD-47A4-8003-0BB939306F44}
		{AC05E435-10E1-4522-8386-B46875E55DAA} = {EE079708-B2A5-48B9-9EFC-A8BCC8E23A03}
		{2DDE3DC1-FAF5-4C30-A6A2-E044BE7B2973} = {EE079708-B2A5-48B9-9EFC-A8BCC8E23A03}
		{C020CEA8-6783-409E-A9A3-417267C6A2B7} = {EE079708-B2A5-48B9-9EFC-A8BCC8E23A03}
		{FFACA1D4-7EED-4E9C-A081-C7FE5D9D3477} = {EE079708-B2A5-48B9-9EFC-A8BCC8E23A03}
		{4A293E4F-7E2D-4F93-A431-A2C798FBDD73} = {EE079708-B2A5-48B9-9EFC-A8BCC8E23A03}
		{54C2601C-03C1-49D4-97A2-D328447993BE} = {9E1E399E-78BD-47A4-8003-0BB939306F44}
		{6D10A361-4163-4E07-98CD-82AFADD8B317} = {54C2601C-03C1-49D4-97A2-D328447993BE}
		{5B85DCDB-1FDD-4D25-81AA-804805BBD461} = {BAA5F247-8EDB-4689-B146-16869E252345}
	EndGlobalSection
	GlobalSection(ExtensibilityGlobals) = postSolution
		SolutionGuid = {63D0761C-1EB2-4B60-9519-86AE17F15F54}
	EndGlobalSection
EndGlobal
